{
  "version": 4,
  "terraform_version": "0.13.4",
  "serial": 33,
  "lineage": "94108e6c-bef1-3813-2206-289c00720a96",
  "outputs": {},
  "resources": [
    {
      "mode": "data",
      "type": "aws_caller_identity",
      "name": "current",
      "provider": "provider[\"registry.terraform.io/hashicorp/aws\"]",
      "instances": [
        {
          "schema_version": 0,
          "attributes": {
            "account_id": "950462312256",
            "arn": "arn:aws:iam::950462312256:user/terraform",
            "id": "950462312256",
            "user_id": "AIDA52S7X55AJU47V7AFO"
          }
        }
      ]
    },
    {
      "mode": "managed",
      "type": "aws_iam_policy",
      "name": "iam_policy",
      "provider": "provider[\"registry.terraform.io/hashicorp/aws\"]",
      "instances": [
        {
          "schema_version": 0,
          "attributes": {
            "arn": "arn:aws:iam::950462312256:policy/firehosetestpolicy",
            "description": "Firehose Test Policy",
            "id": "arn:aws:iam::950462312256:policy/firehosetestpolicy",
            "name": "firehosetestpolicy",
            "name_prefix": null,
            "path": "/",
            "policy": "{\n    \"Version\": \"2012-10-17\",\n    \"Statement\": [\n        {\n            \"Effect\": \"Allow\",\n            \"Action\": [\n                \"s3:PutObject\",\n                \"s3:GetObject\",\n                \"s3:ListBucketMultipartUploads\",\n                \"s3:AbortMultipartUpload\",\n                \"kinesis:GetShardIterator\",\n                \"kinesis:GetRecords\",\n                \"s3:ListBucket\",\n                \"kinesis:DescribeStream\",\n                \"s3:GetBucketLocation\",\n                \"logs:PutLogEvents\"\n            ],\n            \"Resource\": [\n                \"arn:aws:s3:::4e2a8fdce6ba-sqltos3\",\n                \"arn:aws:s3:::4e2a8fdce6ba-sqltos3/*\",\n                \"arn:aws:kinesis:us-east-1:950462312256:stream/%FIREHOSE_POLICY_TEMPLATE_PLACEHOLDER%\",\n                \"arn:aws:logs:us-east-1:950462312256:log-group:/aws/kinesisfirehose/4e2a8fdce6ba-stream-sqltos3:log-stream:*\"\n            ]\n        },\n        {\n            \"Effect\": \"Allow\",\n            \"Action\": \"kinesis:ListShards\",\n            \"Resource\": \"arn:aws:kinesis:us-east-1:950462312256:stream/%FIREHOSE_POLICY_TEMPLATE_PLACEHOLDER%\"\n        }\n    ]\n}\n"
          },
          "private": "bnVsbA==",
          "dependencies": [
            "data.aws_caller_identity.current"
          ]
        }
      ]
    },
    {
      "mode": "managed",
      "type": "aws_iam_policy_attachment",
      "name": "firehose-attach",
      "provider": "provider[\"registry.terraform.io/hashicorp/aws\"]",
      "instances": [
        {
          "schema_version": 0,
          "attributes": {
            "groups": null,
            "id": "firehoseattach",
            "name": "firehoseattach",
            "policy_arn": "arn:aws:iam::950462312256:policy/firehosetestpolicy",
            "roles": [
              "firehosetestrole"
            ],
            "users": null
          },
          "private": "bnVsbA==",
          "dependencies": [
            "aws_iam_policy.iam_policy",
            "aws_iam_role.firehose_role",
            "data.aws_caller_identity.current"
          ]
        }
      ]
    },
    {
      "mode": "managed",
      "type": "aws_iam_role",
      "name": "firehose_role",
      "provider": "provider[\"registry.terraform.io/hashicorp/aws\"]",
      "instances": [
        {
          "schema_version": 0,
          "attributes": {
            "arn": "arn:aws:iam::950462312256:role/firehosetestrole",
            "assume_role_policy": "{\"Version\":\"2012-10-17\",\"Statement\":[{\"Sid\":\"\",\"Effect\":\"Allow\",\"Principal\":{\"Service\":\"firehose.amazonaws.com\"},\"Action\":\"sts:AssumeRole\"}]}",
            "create_date": "2020-12-20T03:23:43Z",
            "description": "",
            "force_detach_policies": false,
            "id": "firehosetestrole",
            "max_session_duration": 3600,
            "name": "firehosetestrole",
            "name_prefix": null,
            "path": "/",
            "permissions_boundary": null,
            "tags": null,
            "unique_id": "AROA52S7X55ANWCR3XSJQ"
          },
          "private": "bnVsbA=="
        }
      ]
    },
    {
      "mode": "managed",
      "type": "aws_kinesis_firehose_delivery_stream",
      "name": "test_stream",
      "provider": "provider[\"registry.terraform.io/hashicorp/aws\"]",
      "instances": [
        {
          "schema_version": 1,
          "attributes": {
            "arn": "arn:aws:firehose:us-east-1:950462312256:deliverystream/4e2a8fdce6ba-stream-sqltos3",
            "destination": "s3",
            "destination_id": "destinationId-000000000001",
            "elasticsearch_configuration": [],
            "extended_s3_configuration": [],
            "http_endpoint_configuration": [],
            "id": "arn:aws:firehose:us-east-1:950462312256:deliverystream/4e2a8fdce6ba-stream-sqltos3",
            "kinesis_source_configuration": [],
            "name": "4e2a8fdce6ba-stream-sqltos3",
            "redshift_configuration": [],
            "s3_configuration": [
              {
                "bucket_arn": "arn:aws:s3:::4e2a8fdce6ba-sqltos3",
                "buffer_interval": 60,
                "buffer_size": 1,
                "cloudwatch_logging_options": [
                  {
                    "enabled": true,
                    "log_group_name": "4e2a8fdce6ba-stream-sqltos3",
                    "log_stream_name": "4e2a8fdce6ba-stream-sqltos3"
                  }
                ],
                "compression_format": "UNCOMPRESSED",
                "kms_key_arn": "",
                "prefix": "",
                "role_arn": "arn:aws:iam::950462312256:role/firehosetestrole"
              }
            ],
            "server_side_encryption": [
              {
                "enabled": false,
                "key_arn": "",
                "key_type": "AWS_OWNED_CMK"
              }
            ],
            "splunk_configuration": [],
            "tags": null,
            "version_id": "1"
          },
          "private": "eyJzY2hlbWFfdmVyc2lvbiI6IjEifQ==",
          "dependencies": [
            "aws_iam_role.firehose_role",
            "aws_s3_bucket.bucket"
          ]
        }
      ]
    },
    {
      "mode": "managed",
      "type": "aws_s3_bucket",
      "name": "bucket",
      "provider": "provider[\"registry.terraform.io/hashicorp/aws\"]",
      "instances": [
        {
          "schema_version": 0,
          "attributes": {
            "acceleration_status": "",
            "acl": "private",
            "arn": "arn:aws:s3:::4e2a8fdce6ba-sqltos3",
            "bucket": "4e2a8fdce6ba-sqltos3",
            "bucket_domain_name": "4e2a8fdce6ba-sqltos3.s3.amazonaws.com",
            "bucket_prefix": null,
            "bucket_regional_domain_name": "4e2a8fdce6ba-sqltos3.s3.amazonaws.com",
            "cors_rule": [],
            "force_destroy": true,
            "grant": [],
            "hosted_zone_id": "Z3AQBSTGFYJSTF",
            "id": "4e2a8fdce6ba-sqltos3",
            "lifecycle_rule": [],
            "logging": [],
            "object_lock_configuration": [],
            "policy": null,
            "region": "us-east-1",
            "replication_configuration": [],
            "request_payer": "BucketOwner",
            "server_side_encryption_configuration": [],
            "tags": null,
            "versioning": [
              {
                "enabled": false,
                "mfa_delete": false
              }
            ],
            "website": [],
            "website_domain": null,
            "website_endpoint": null
          },
          "private": "bnVsbA=="
        }
      ]
    }
  ]
}
